#MicroXplorer Configuration settings - do not modify
CAD.formats=
CAD.pinconfig=
CAD.provider=
File.Version=6
KeepUserPlacement=false
Mcu.CPN=STM32F407VGT6
Mcu.Family=STM32F4
Mcu.IP0=CRC
Mcu.IP1=NVIC
Mcu.IP2=RCC
Mcu.IP3=USART1
Mcu.IPNb=4
Mcu.Name=STM32F407V(E-G)Tx
Mcu.Package=LQFP100
Mcu.Pin0=PH0-OSC_IN
Mcu.Pin1=PH1-OSC_OUT
Mcu.Pin2=PB6
Mcu.Pin3=PB7
Mcu.Pin4=VP_CRC_VS_CRC
Mcu.Pin5=VP_STMicroelectronics.X-CUBE-AI_VS_ArtificialOoIntelligenceJjXAaCUBEAaAI_5.2.0
Mcu.PinsNb=6
Mcu.ThirdParty0=STMicroelectronics.X-CUBE-AI.5.2.0
Mcu.ThirdPartyNb=1
Mcu.UserConstants=
Mcu.UserName=STM32F407VGTx
MxCube.Version=6.7.0
MxDb.Version=DB.6.0.70
NVIC.BusFault_IRQn=true\:0\:0\:false\:false\:true\:false\:false\:false
NVIC.DebugMonitor_IRQn=true\:0\:0\:false\:false\:true\:false\:false\:false
NVIC.ForceEnableDMAVector=true
NVIC.HardFault_IRQn=true\:0\:0\:false\:false\:true\:false\:false\:false
NVIC.MemoryManagement_IRQn=true\:0\:0\:false\:false\:true\:false\:false\:false
NVIC.NonMaskableInt_IRQn=true\:0\:0\:false\:false\:true\:false\:false\:false
NVIC.PendSV_IRQn=true\:0\:0\:false\:false\:true\:false\:false\:false
NVIC.PriorityGroup=NVIC_PRIORITYGROUP_4
NVIC.SVCall_IRQn=true\:0\:0\:false\:false\:true\:false\:false\:false
NVIC.SysTick_IRQn=true\:15\:0\:false\:false\:true\:false\:true\:false
NVIC.USART1_IRQn=true\:0\:0\:false\:false\:true\:true\:true\:true
NVIC.UsageFault_IRQn=true\:0\:0\:false\:false\:true\:false\:false\:false
PB6.Locked=true
PB6.Mode=Asynchronous
PB6.Signal=USART1_TX
PB7.Locked=true
PB7.Mode=Asynchronous
PB7.Signal=USART1_RX
PH0-OSC_IN.Mode=HSE-External-Oscillator
PH0-OSC_IN.Signal=RCC_OSC_IN
PH1-OSC_OUT.Mode=HSE-External-Oscillator
PH1-OSC_OUT.Signal=RCC_OSC_OUT
PinOutPanel.RotationAngle=0
ProjectManager.AskForMigrate=true
ProjectManager.BackupPrevious=false
ProjectManager.CompilerOptimize=6
ProjectManager.ComputerToolchain=false
ProjectManager.CoupleFile=true
ProjectManager.CustomerFirmwarePackage=
ProjectManager.DefaultFWLocation=true
ProjectManager.DeletePrevious=true
ProjectManager.DeviceId=STM32F407VGTx
ProjectManager.FirmwarePackage=STM32Cube FW_F4 V1.27.1
ProjectManager.FreePins=false
ProjectManager.HalAssertFull=false
ProjectManager.HeapSize=0x800
ProjectManager.KeepUserCode=true
ProjectManager.LastFirmware=true
ProjectManager.LibraryCopy=1
ProjectManager.MainLocation=Core/Src
ProjectManager.NoMain=false
ProjectManager.PreviousToolchain=
ProjectManager.ProjectBuild=false
ProjectManager.ProjectFileName=sine_test_tflite.ioc
ProjectManager.ProjectName=sine_test_tflite
ProjectManager.RegisterCallBack=
ProjectManager.StackSize=0x800
ProjectManager.TargetToolchain=STM32CubeIDE
ProjectManager.ToolChainLocation=
ProjectManager.UnderRoot=true
ProjectManager.functionlistsort=1-SystemClock_Config-RCC-false-HAL-false,2-MX_GPIO_Init-GPIO-false-HAL-true,3-MX_CRC_Init-CRC-false-HAL-true,4-MX_USART1_UART_Init-USART1-false-HAL-true
RCC.48MHZClocksFreq_Value=36000000
RCC.AHBFreq_Value=72000000
RCC.APB1CLKDivider=RCC_HCLK_DIV2
RCC.APB1Freq_Value=36000000
RCC.APB1TimFreq_Value=72000000
RCC.APB2Freq_Value=72000000
RCC.APB2TimFreq_Value=72000000
RCC.CortexFreq_Value=72000000
RCC.EthernetFreq_Value=72000000
RCC.FCLKCortexFreq_Value=72000000
RCC.FamilyName=M
RCC.HCLKFreq_Value=72000000
RCC.HSE_VALUE=8000000
RCC.HSI_VALUE=16000000
RCC.I2SClocksFreq_Value=192000000
RCC.IPParameters=48MHZClocksFreq_Value,AHBFreq_Value,APB1CLKDivider,APB1Freq_Value,APB1TimFreq_Value,APB2Freq_Value,APB2TimFreq_Value,CortexFreq_Value,EthernetFreq_Value,FCLKCortexFreq_Value,FamilyName,HCLKFreq_Value,HSE_VALUE,HSI_VALUE,I2SClocksFreq_Value,LSE_VALUE,LSI_VALUE,MCO2PinFreq_Value,PLLCLKFreq_Value,PLLM,PLLN,PLLQCLKFreq_Value,PLLSourceVirtual,RTCFreq_Value,RTCHSEDivFreq_Value,SYSCLKFreq_VALUE,SYSCLKSource,VCOI2SOutputFreq_Value,VCOInputFreq_Value,VCOOutputFreq_Value,VcooutputI2S
RCC.LSE_VALUE=32768
RCC.LSI_VALUE=32000
RCC.MCO2PinFreq_Value=72000000
RCC.PLLCLKFreq_Value=72000000
RCC.PLLM=4
RCC.PLLN=72
RCC.PLLQCLKFreq_Value=36000000
RCC.PLLSourceVirtual=RCC_PLLSOURCE_HSE
RCC.RTCFreq_Value=32000
RCC.RTCHSEDivFreq_Value=4000000
RCC.SYSCLKFreq_VALUE=72000000
RCC.SYSCLKSource=RCC_SYSCLKSOURCE_PLLCLK
RCC.VCOI2SOutputFreq_Value=384000000
RCC.VCOInputFreq_Value=2000000
RCC.VCOOutputFreq_Value=144000000
RCC.VcooutputI2S=192000000
STMicroelectronics.X-CUBE-AI.5.2.0.ActivationBufferSizeList=136
STMicroelectronics.X-CUBE-AI.5.2.0.ArtificialOoIntelligenceJjXAaCUBEAaAI_Checked=true
STMicroelectronics.X-CUBE-AI.5.2.0.HeapSize=0x800
STMicroelectronics.X-CUBE-AI.5.2.0.IPParameters=XAaCUBEAaAICcArtificialOoIntelligenceJjCore,HeapSize,StackSize,ModelName-19dee2b300dac31c79e0e28ca1c847129e5e920f2f98e422ef95e2adb721cc00,ModelType-19dee2b300dac31c79e0e28ca1c847129e5e920f2f98e422ef95e2adb721cc00,ModelKind-19dee2b300dac31c79e0e28ca1c847129e5e920f2f98e422ef95e2adb721cc00,ModelHashList,ModelNameList,WorkingBufferStartAddrList,LatestDirectoryUsed-19dee2b300dac31c79e0e28ca1c847129e5e920f2f98e422ef95e2adb721cc00,ModelStructureFile-19dee2b300dac31c79e0e28ca1c847129e5e920f2f98e422ef95e2adb721cc00,ModelFlashOccupation-19dee2b300dac31c79e0e28ca1c847129e5e920f2f98e422ef95e2adb721cc00,ModelRamOccupation-19dee2b300dac31c79e0e28ca1c847129e5e920f2f98e422ef95e2adb721cc00,ModelMacc-19dee2b300dac31c79e0e28ca1c847129e5e920f2f98e422ef95e2adb721cc00,ModelActualCompression-19dee2b300dac31c79e0e28ca1c847129e5e920f2f98e422ef95e2adb721cc00,ModelCompression-19dee2b300dac31c79e0e28ca1c847129e5e920f2f98e422ef95e2adb721cc00,ValidationInputFileHistory-19dee2b300dac31c79e0e28ca1c847129e5e920f2f98e422ef95e2adb721cc00,ValidationOutputFileHistory-19dee2b300dac31c79e0e28ca1c847129e5e920f2f98e422ef95e2adb721cc00,InternalRamActivationBufferMaxSize,ActivationBufferSizeList,MaximumNumberOfInputLayer,MaximumNumberOfOutputLayer,MaximumSizeOfInputLayer,MaximumSizeOfOutputLayer
STMicroelectronics.X-CUBE-AI.5.2.0.InternalRamActivationBufferMaxSize=AI_SINE_APPROX_DATA_ACTIVATIONS_SIZE
STMicroelectronics.X-CUBE-AI.5.2.0.LatestDirectoryUsed-19dee2b300dac31c79e0e28ca1c847129e5e920f2f98e422ef95e2adb721cc00=C\:\\Users\\Ivan\\Desktop\\tf-lite-stm32
STMicroelectronics.X-CUBE-AI.5.2.0.MaximumNumberOfInputLayer=1
STMicroelectronics.X-CUBE-AI.5.2.0.MaximumNumberOfOutputLayer=1
STMicroelectronics.X-CUBE-AI.5.2.0.MaximumSizeOfInputLayer=AI_SINE_APPROX_IN_1_SIZE_BYTES
STMicroelectronics.X-CUBE-AI.5.2.0.MaximumSizeOfOutputLayer=AI_SINE_APPROX_OUT_1_SIZE_BYTES
STMicroelectronics.X-CUBE-AI.5.2.0.ModelActualCompression-19dee2b300dac31c79e0e28ca1c847129e5e920f2f98e422ef95e2adb721cc00=0.0
STMicroelectronics.X-CUBE-AI.5.2.0.ModelCompression-19dee2b300dac31c79e0e28ca1c847129e5e920f2f98e422ef95e2adb721cc00=1
STMicroelectronics.X-CUBE-AI.5.2.0.ModelFlashOccupation-19dee2b300dac31c79e0e28ca1c847129e5e920f2f98e422ef95e2adb721cc00=1284
STMicroelectronics.X-CUBE-AI.5.2.0.ModelHashList=19dee2b300dac31c79e0e28ca1c847129e5e920f2f98e422ef95e2adb721cc00
STMicroelectronics.X-CUBE-AI.5.2.0.ModelKind-19dee2b300dac31c79e0e28ca1c847129e5e920f2f98e422ef95e2adb721cc00=TFLITE
STMicroelectronics.X-CUBE-AI.5.2.0.ModelMacc-19dee2b300dac31c79e0e28ca1c847129e5e920f2f98e422ef95e2adb721cc00=320
STMicroelectronics.X-CUBE-AI.5.2.0.ModelName-19dee2b300dac31c79e0e28ca1c847129e5e920f2f98e422ef95e2adb721cc00=sine_approx
STMicroelectronics.X-CUBE-AI.5.2.0.ModelNameList=sine_approx
STMicroelectronics.X-CUBE-AI.5.2.0.ModelRamOccupation-19dee2b300dac31c79e0e28ca1c847129e5e920f2f98e422ef95e2adb721cc00=136
STMicroelectronics.X-CUBE-AI.5.2.0.ModelStructureFile-19dee2b300dac31c79e0e28ca1c847129e5e920f2f98e422ef95e2adb721cc00=C\:\\Users\\Ivan\\Desktop\\tf-lite-stm32\\sine_model.tflite
STMicroelectronics.X-CUBE-AI.5.2.0.ModelType-19dee2b300dac31c79e0e28ca1c847129e5e920f2f98e422ef95e2adb721cc00=Saved model
STMicroelectronics.X-CUBE-AI.5.2.0.StackSize=0x800
STMicroelectronics.X-CUBE-AI.5.2.0.ValidationInputFileHistory-19dee2b300dac31c79e0e28ca1c847129e5e920f2f98e422ef95e2adb721cc00=
STMicroelectronics.X-CUBE-AI.5.2.0.ValidationOutputFileHistory-19dee2b300dac31c79e0e28ca1c847129e5e920f2f98e422ef95e2adb721cc00=
STMicroelectronics.X-CUBE-AI.5.2.0.WorkingBufferStartAddrList=0xFFFFFFFF
STMicroelectronics.X-CUBE-AI.5.2.0.XAaCUBEAaAICcArtificialOoIntelligenceJjCore=true
STMicroelectronics.X-CUBE-AI.5.2.0_SwParameter=XAaCUBEAaAICcArtificialOoIntelligenceJjCore\:true;
USART1.IPParameters=VirtualMode
USART1.VirtualMode=VM_ASYNC
VP_CRC_VS_CRC.Mode=CRC_Activate
VP_CRC_VS_CRC.Signal=CRC_VS_CRC
VP_STMicroelectronics.X-CUBE-AI_VS_ArtificialOoIntelligenceJjXAaCUBEAaAI_5.2.0.Mode=ArtificialOoIntelligenceJjXAaCUBEAaAI
VP_STMicroelectronics.X-CUBE-AI_VS_ArtificialOoIntelligenceJjXAaCUBEAaAI_5.2.0.Signal=STMicroelectronics.X-CUBE-AI_VS_ArtificialOoIntelligenceJjXAaCUBEAaAI_5.2.0
board=custom
isbadioc=false
